// !$*UTF8*$!
{
	archiveVersion = 1;
	classes = {
	};
	objectVersion = 48;
	objects = {

/* Begin PBXBuildFile section */
		F5E7B23C1F9020C0003D7163 /* AppDelegate.m in Sources */ = {isa = PBXBuildFile; fileRef = F5E7B23B1F9020C0003D7163 /* AppDelegate.m */; };
		F5E7B23F1F9020C0003D7163 /* ViewController.m in Sources */ = {isa = PBXBuildFile; fileRef = F5E7B23E1F9020C0003D7163 /* ViewController.m */; };
		F5E7B2421F9020C0003D7163 /* Main.storyboard in Resources */ = {isa = PBXBuildFile; fileRef = F5E7B2401F9020C0003D7163 /* Main.storyboard */; };
		F5E7B2441F9020C0003D7163 /* Assets.xcassets in Resources */ = {isa = PBXBuildFile; fileRef = F5E7B2431F9020C0003D7163 /* Assets.xcassets */; };
		F5E7B2471F9020C0003D7163 /* LaunchScreen.storyboard in Resources */ = {isa = PBXBuildFile; fileRef = F5E7B2451F9020C0003D7163 /* LaunchScreen.storyboard */; };
		F5E7B24A1F9020C0003D7163 /* main.m in Sources */ = {isa = PBXBuildFile; fileRef = F5E7B2491F9020C0003D7163 /* main.m */; };
/* End PBXBuildFile section */

/* Begin PBXFileReference section */
		F5E7B2371F9020C0003D7163 /* testingPickers.app */ = {isa = PBXFileReference; explicitFileType = wrapper.application; includeInIndex = 0; path = testingPickers.app; sourceTree = BUILT_PRODUCTS_DIR; };
		F5E7B23A1F9020C0003D7163 /* AppDelegate.h */ = {isa = PBXFileReference; lastKnownFileType = sourcecode.c.h; path = AppDelegate.h; sourceTree = "<group>"; };
		F5E7B23B1F9020C0003D7163 /* AppDelegate.m */ = {isa = PBXFileReference; lastKnownFileType = sourcecode.c.objc; path = AppDelegate.m; sourceTree = "<group>"; };
		F5E7B23D1F9020C0003D7163 /* ViewController.h */ = {isa = PBXFileReference; lastKnownFileType = sourcecode.c.h; path = ViewController.h; sourceTree = "<group>"; };
		F5E7B23E1F9020C0003D7163 /* ViewController.m */ = {isa = PBXFileReference; lastKnownFileType = sourcecode.c.objc; path = ViewController.m; sourceTree = "<group>"; };
		F5E7B2411F9020C0003D7163 /* Base */ = {isa = PBXFileReference; lastKnownFileType = file.storyboard; name = Base; path = Base.lproj/Main.storyboard; sourceTree = "<group>"; };
		F5E7B2431F9020C0003D7163 /* Assets.xcassets */ = {isa = PBXFileReference; lastKnownFileType = folder.assetcatalog; path = Assets.xcassets; sourceTree = "<group>"; };
		F5E7B2461F9020C0003D7163 /* Base */ = {isa = PBXFileReference; lastKnownFileType = file.storyboard; name = Base; path = Base.lproj/LaunchScreen.storyboard; sourceTree = "<group>"; };
		F5E7B2481F9020C0003D7163 /* Info.plist */ = {isa = PBXFileReference; lastKnownFileType = text.plist.xml; path = Info.plist; sourceTree = "<group>"; };
		F5E7B2491F9020C0003D7163 /* main.m */ = {isa = PBXFileReference; lastKnownFileType = sourcecode.c.objc; path = main.m; sourceTree = "<group>"; };
/* End PBXFileReference section */

/* Begin PBXFrameworksBuildPhase section */
		F5E7B2341F9020C0003D7163 /* Frameworks */ = {
			isa = PBXFrameworksBuildPhase;
			buildActionMask = 2147483647;
			files = (
			);
			runOnlyForDeploymentPostprocessing = 0;
		};
/* End PBXFrameworksBuildPhase section */

/* Begin PBXGroup section */
		F5E7B22E1F9020C0003D7163 = {
			isa = PBXGroup;
			children = (
				F5E7B2391F9020C0003D7163 /* testingPickers */,
				F5E7B2381F9020C0003D7163 /* Products */,
			);
			sourceTree = "<group>";
		};
		F5E7B2381F9020C0003D7163 /* Products */ = {
			isa = PBXGroup;
			children = (
				F5E7B2371F9020C0003D7163 /* testingPickers.app */,
			);
			name = Products;
			sourceTree = "<group>";
		};
		F5E7B2391F9020C0003D7163 /* testingPickers */ = {
			isa = PBXGroup;
			children = (
				F5E7B23A1F9020C0003D7163 /* AppDelegate.h */,
				F5E7B23B1F9020C0003D7163 /* AppDelegate.m */,
				F5E7B23D1F9020C0003D7163 /* ViewController.h */,
				F5E7B23E1F9020C0003D7163 /* ViewController.m */,
				F5E7B2401F9020C0003D7163 /* Main.storyboard */,
				F5E7B2431F9020C0003D7163 /* Assets.xcassets */,
				F5E7B2451F9020C0003D7163 /* LaunchScreen.storyboard */,
				F5E7B2481F9020C0003D7163 /* Info.plist */,
				F5E7B2491F9020C0003D7163 /* main.m */,
			);
			path = testingPickers;
			sourceTree = "<group>";
		};
/* End PBXGroup section */

/* Begin PBXNativeTarget section */
		F5E7B2361F9020C0003D7163 /* testingPickers */ = {
			isa = PBXNativeTarget;
			buildConfigurationList = F5E7B24D1F9020C0003D7163 /* Build configuration list for PBXNativeTarget "testingPickers" */;
			buildPhases = (
				F5E7B2331F9020C0003D7163 /* Sources */,
				F5E7B2341F9020C0003D7163 /* Frameworks */,
				F5E7B2351F9020C0003D7163 /* Resources */,
			);
			buildRules = (
			);
			dependencies = (
			);
			name = testingPickers;
			productName = testingPickers;
			productReference = F5E7B2371F9020C0003D7163 /* testingPickers.app */;
			productType = "com.apple.product-type.application";
		};
/* End PBXNativeTarget section */

/* Begin PBXProject section */
		F5E7B22F1F9020C0003D7163 /* Project object */ = {
			isa = PBXProject;
			attributes = {
				LastUpgradeCheck = 0900;
				ORGANIZATIONNAME = "Asdruval De Leon";
				TargetAttributes = {
					F5E7B2361F9020C0003D7163 = {
						CreatedOnToolsVersion = 9.0;
						ProvisioningStyle = Automatic;
					};
				};
			};
			buildConfigurationList = F5E7B2321F9020C0003D7163 /* Build configuration list for PBXProject "testingPickers" */;
			compatibilityVersion = "Xcode 8.0";
			developmentRegion = en;
			hasScannedForEncodings = 0;
			knownRegions = (
				en,
				Base,
			);
			mainGroup = F5E7B22E1F9020C0003D7163;
			productRefGroup = F5E7B2381F9020C0003D7163 /* Products */;
			projectDirPath = "";
			projectRoot = "";
			targets = (
				F5E7B2361F9020C0003D7163 /* testingPickers */,
			);
		};
/* End PBXProject section */

/* Begin PBXResourcesBuildPhase section */
		F5E7B2351F9020C0003D7163 /* Resources */ = {
			isa = PBXResourcesBuildPhase;
			buildActionMask = 2147483647;
			files = (
				F5E7B2471F9020C0003D7163 /* LaunchScreen.storyboard in Resources */,
				F5E7B2441F9020C0003D7163 /* Assets.xcassets in Resources */,
				F5E7B2421F9020C0003D7163 /* Main.storyboard in Resources */,
			);
			runOnlyForDeploymentPostprocessing = 0;
		};
/* End PBXResourcesBuildPhase section */

/* Begin PBXSourcesBuildPhase section */
		F5E7B2331F9020C0003D7163 /* Sources */ = {
			isa = PBXSourcesBuildPhase;
			buildActionMask = 2147483647;
			files = (
				F5E7B23F1F9020C0003D7163 /* ViewController.m in Sources */,
				F5E7B24A1F9020C0003D7163 /* main.m in Sources */,
				F5E7B23C1F9020C0003D7163 /* AppDelegate.m in Sources */,
			);
			runOnlyForDeploymentPostprocessing = 0;
		};
/* End PBXSourcesBuildPhase section */

/* Begin PBXVariantGroup section */
		F5E7B2401F9020C0003D7163 /* Main.storyboard */ = {
			isa = PBXVariantGroup;
			children = (
				F5E7B2411F9020C0003D7163 /* Base */,
			);
			name = Main.storyboard;
			sourceTree = "<group>";
		};
		F5E7B2451F9020C0003D7163 /* LaunchScreen.storyboard */ = {
			isa = PBXVariantGroup;
			children = (
				F5E7B2461F9020C0003D7163 /* Base */,
			);
			name = LaunchScreen.storyboard;
			sourceTree = "<group>";
		};
/* End PBXVariantGroup section */

/* Begin XCBuildConfiguration section */
		F5E7B24B1F9020C0003D7163 /* Debug */ = {
			isa = XCBuildConfiguration;
			buildSettings = {
				ALWAYS_SEARCH_USER_PATHS = NO;
				CLANG_ANALYZER_NONNULL = YES;
				CLANG_ANALYZER_NUMBER_OBJECT_CONVERSION = YES_AGGRESSIVE;
				CLANG_CXX_LANGUAGE_STANDARD = "gnu++14";
				CLANG_CXX_LIBRARY = "libc++";
				CLANG_ENABLE_MODULES = YES;
				CLANG_ENABLE_OBJC_ARC = YES;
				CLANG_WARN_BLOCK_CAPTURE_AUTORELEASING = YES;
				CLANG_WARN_BOOL_CONVERSION = YES;
				CLANG_WARN_COMMA = YES;
				CLANG_WARN_CONSTANT_CONVERSION = YES;
				CLANG_WARN_DIRECT_OBJC_ISA_USAGE = YES_ERROR;
				CLANG_WARN_DOCUMENTATION_COMMENTS = YES;
				CLANG_WARN_EMPTY_BODY = YES;
				CLANG_WARN_ENUM_CONVERSION = YES;
				CLANG_WARN_INFINITE_RECURSION = YES;
				CLANG_WARN_INT_CONVERSION = YES;
				CLANG_WARN_NON_LITERAL_NULL_CONVERSION = YES;
				CLANG_WARN_OBJC_LITERAL_CONVERSION = YES;
				CLANG_WARN_OBJC_ROOT_CLASS = YES_ERROR;
				CLANG_WARN_RANGE_LOOP_ANALYSIS = YES;
				CLANG_WARN_STRICT_PROTOTYPES = YES;
				CLANG_WARN_SUSPICIOUS_MOVE = YES;
				CLANG_WARN_UNGUARDED_AVAILABILITY = YES_AGGRESSIVE;
				CLANG_WARN_UNREACHABLE_CODE = YES;
				CLANG_WARN__DUPLICATE_METHOD_MATCH = YES;
				CODE_SIGN_IDENTITY = "iPhone Developer";
				COPY_PHASE_STRIP = NO;
				DEBUG_INFORMATION_FORMAT = dwarf;
				ENABLE_STRICT_OBJC_MSGSEND = YES;
				ENABLE_TESTABILITY = YES;
				GCC_C_LANGUAGE_STANDARD = gnu11;
				GCC_DYNAMIC_NO_PIC = NO;
				GCC_NO_COMMON_BLOCKS = YES;
				GCC_OPTIMIZATION_LEVEL = 0;
				GCC_PREPROCESSOR_DEFINITIONS = (
					"DEBUG=1",
					"$(inherited)",
				);
				GCC_WARN_64_TO_32_BIT_CONVERSION = YES;
				GCC_WARN_ABOUT_RETURN_TYPE = YES_ERROR;
				GCC_WARN_UNDECLARED_SELECTOR = YES;
				GCC_WARN_UNINITIALIZED_AUTOS = YES_AGGRESSIVE;
				GCC_WARN_UNUSED_FUNCTION = YES;
				GCC_WARN_UNUSED_VARIABLE = YES;
				IPHONEOS_DEPLOYMENT_TARGET = 11.0;
				MTL_ENABLE_DEBUG_INFO = YES;
				ONLY_ACTIVE_ARCH = YES;
				SDKROOT = iphoneos;
			};
			name = Debug;
		};
		F5E7B24C1F9020C0003D7163 /* Release */ = {
			isa = XCBuildConfiguration;
			buildSettings = {
				ALWAYS_SEARCH_USER_PATHS = NO;
				CLANG_ANALYZER_NONNULL = YES;
				CLANG_ANALYZER_NUMBER_OBJECT_CONVERSION = YES_AGGRESSIVE;
				CLANG_CXX_LANGUAGE_STANDARD = "gnu++14";
				CLANG_CXX_LIBRARY = "libc++";
				CLANG_ENABLE_MODULES = YES;
				CLANG_ENABLE_OBJC_ARC = YES;
				CLANG_WARN_BLOCK_CAPTURE_AUTORELEASING = YES;
				CLANG_WARN_BOOL_CONVERSION = YES;
				CLANG_WARN_COMMA = YES;
				CLANG_WARN_CONSTANT_CONVERSION = YES;
				CLANG_WARN_DIRECT_OBJC_ISA_USAGE = YES_ERROR;
				CLANG_WARN_DOCUMENTATION_COMMENTS = YES;
				CLANG_WARN_EMPTY_BODY = YES;
				CLANG_WARN_ENUM_CONVERSION = YES;
				CLANG_WARN_INFINITE_RECURSION = YES;
				CLANG_WARN_INT_CONVERSION = YES;
				CLANG_WARN_NON_LITERAL_NULL_CONVERSION = YES;
				CLANG_WARN_OBJC_LITERAL_CONVERSION = YES;
				CLANG_WARN_OBJC_ROOT_CLASS = YES_ERROR;
				CLANG_WARN_RANGE_LOOP_ANALYSIS = YES;
				CLANG_WARN_STRICT_PROTOTYPES = YES;
				CLANG_WARN_SUSPICIOUS_MOVE = YES;
				CLANG_WARN_UNGUARDED_AVAILABILITY = YES_AGGRESSIVE;
				CLANG_WARN_UNREACHABLE_CODE = YES;
				CLANG_WARN__DUPLICATE_METHOD_MATCH = YES;
				CODE_SIGN_IDENTITY = "iPhone Developer";
				COPY_PHASE_STRIP = NO;
				DEBUG_INFORMATION_FORMAT = "dwarf-with-dsym";
				ENABLE_NS_ASSERTIONS = NO;
				ENABLE_STRICT_OBJC_MSGSEND = YES;
				GCC_C_LANGUAGE_STANDARD = gnu11;
				GCC_NO_COMMON_BLOCKS = YES;
				GCC_WARN_64_TO_32_BIT_CONVERSION = YES;
				GCC_WARN_ABOUT_RETURN_TYPE = YES_ERROR;
				GCC_WARN_UNDECLARED_SELECTOR = YES;
				GCC_WARN_UNINITIALIZED_AUTOS = YES_AGGRESSIVE;
				GCC_WARN_UNUSED_FUNCTION = YES;
				GCC_WARN_UNUSED_VARIABLE = YES;
				IPHONEOS_DEPLOYMENT_TARGET = 11.0;
				MTL_ENABLE_DEBUG_INFO = NO;
				SDKROOT = iphoneos;
				VALIDATE_PRODUCT = YES;
			};
			name = Release;
		};
		F5E7B24E1F9020C0003D7163 /* Debug */ = {
			isa = XCBuildConfiguration;
			buildSettings = {
				ASSETCATALOG_COMPILER_APPICON_NAME = AppIcon;
				CODE_SIGN_STYLE = Automatic;
				DEVELOPMENT_TEAM = P2245T84ZP;
				INFOPLIST_FILE = testingPickers/Info.plist;
				LD_RUNPATH_SEARCH_PATHS = "$(inherited) @executable_path/Frameworks";
				PRODUCT_BUNDLE_IDENTIFIER = com.itcpremier.testingPickers;
				PRODUCT_NAME = "$(TARGET_NAME)";
				TARGETED_DEVICE_FAMILY = "1,2";
			};
			name = Debug;
		};
		F5E7B24F1F9020C0003D7163 /* Release */ = {
			isa = XCBuildConfiguration;
			buildSettings = {
				ASSETCATALOG_COMPILER_APPICON_NAME = AppIcon;
				CODE_SIGN_STYLE = Automatic;
				DEVELOPMENT_TEAM = P2245T84ZP;
				INFOPLIST_FILE = testingPickers/Info.plist;
				LD_RUNPATH_SEARCH_PATHS = "$(inherited) @executable_path/Frameworks";
				PRODUCT_BUNDLE_IDENTIFIER = com.itcpremier.testingPickers;
				PRODUCT_NAME = "$(TARGET_NAME)";
				TARGETED_DEVICE_FAMILY = "1,2";
			};
			name = Release;
		};
/* End XCBuildConfiguration section */

/* Begin XCConfigurationList section */
		F5E7B2321F9020C0003D7163 /* Build configuration list for PBXProject "testingPickers" */ = {
			isa = XCConfigurationList;
			buildConfigurations = (
				F5E7B24B1F9020C0003D7163 /* Debug */,
				F5E7B24C1F9020C0003D7163 /* Release */,
			);
			defaultConfigurationIsVisible = 0;
			defaultConfigurationName = Release;
		};
		F5E7B24D1F9020C0003D7163 /* Build configuration list for PBXNativeTarget "testingPickers" */ = {
			isa = XCConfigurationList;
			buildConfigurations = (
				F5E7B24E1F9020C0003D7163 /* Debug */,
				F5E7B24F1F9020C0003D7163 /* Release */,
			);
			defaultConfigurationIsVisible = 0;
			defaultConfigurationName = Release;
		};
/* End XCConfigurationList section */
	};
	rootObject = F5E7B22F1F9020C0003D7163 /* Project object */;
}
